
Microsoft Visual Studio Solution File, Format Version 12.00
Project("{FAE04EC0-301F-11D3-BF4B-00C04F79EFBC}") = "1-Thread-Async", "1-Thread-Async\1-Thread-Async.csproj", "{5664483F-66B4-4273-8510-2954CAAB4F38}"
EndProject
Project("{FAE04EC0-301F-11D3-BF4B-00C04F79EFBC}") = "2-Thread", "2-Thread\2-Thread.csproj", "{FB58A9C6-0C9F-426E-A487-44CCAAB9221E}"
EndProject
Project("{FAE04EC0-301F-11D3-BF4B-00C04F79EFBC}") = "3-Thread-Sync-BlockSync", "3-Thread-Sync-BlockSync\3-Thread-Sync-BlockSync.csproj", "{9C9BC939-B9EF-4C32-9170-96D4839711A5}"
EndProject
Project("{FAE04EC0-301F-11D3-BF4B-00C04F79EFBC}") = "4-Thread-Sync-Semaphore", "4-Thread-Sync-Semaphore\4-Thread-Sync-Semaphore.csproj", "{11991613-393B-4450-84C9-3241E9016FFC}"
EndProject
Project("{FAE04EC0-301F-11D3-BF4B-00C04F79EFBC}") = "5-Thread-Sync-NonBlock", "5-Thread-Sync-NonBlock\5-Thread-Sync-NonBlock.csproj", "{D45E5257-30E8-49A9-97D9-679020D44FC5}"
EndProject
Project("{FAE04EC0-301F-11D3-BF4B-00C04F79EFBC}") = "6-Thread-Sync-Interlocked", "6-Thread-Sync-Interlocked\6-Thread-Sync-Interlocked.csproj", "{E1F687B7-9910-49DA-AA3E-CE5218ECE118}"
EndProject
Project("{FAE04EC0-301F-11D3-BF4B-00C04F79EFBC}") = "7-Thread-Sync-Spinning", "7-Thread-Sync-Spinning\7-Thread-Sync-Spinning.csproj", "{CF9AC618-8397-4F16-8068-1AD44E602A2A}"
EndProject
Project("{FAE04EC0-301F-11D3-BF4B-00C04F79EFBC}") = "8-Thread-Sync-ReaderWriterLock", "8-Thread-Sync-ReaderWriterLock\8-Thread-Sync-ReaderWriterLock.csproj", "{11D7A0CA-9574-46F6-9964-77C4F9633379}"
EndProject
Project("{FAE04EC0-301F-11D3-BF4B-00C04F79EFBC}") = "9-Thread-Signalling", "9-Thread-Signalling\9-Thread-Signalling.csproj", "{DFE4BA53-98B8-456D-AB02-09A318BE7988}"
EndProject
Project("{FAE04EC0-301F-11D3-BF4B-00C04F79EFBC}") = "10-Thread-ThreadPool-WaitHandles", "10-Thread-ThreadPool-WaitHandles\10-Thread-ThreadPool-WaitHandles.csproj", "{B15E0A46-8FFE-48A9-8E05-DBAB78A31281}"
EndProject
Global
	GlobalSection(SolutionConfigurationPlatforms) = preSolution
		Debug|Any CPU = Debug|Any CPU
		Release|Any CPU = Release|Any CPU
	EndGlobalSection
	GlobalSection(ProjectConfigurationPlatforms) = postSolution
		{5664483F-66B4-4273-8510-2954CAAB4F38}.Debug|Any CPU.ActiveCfg = Debug|Any CPU
		{5664483F-66B4-4273-8510-2954CAAB4F38}.Debug|Any CPU.Build.0 = Debug|Any CPU
		{5664483F-66B4-4273-8510-2954CAAB4F38}.Release|Any CPU.ActiveCfg = Release|Any CPU
		{5664483F-66B4-4273-8510-2954CAAB4F38}.Release|Any CPU.Build.0 = Release|Any CPU
		{FB58A9C6-0C9F-426E-A487-44CCAAB9221E}.Debug|Any CPU.ActiveCfg = Debug|Any CPU
		{FB58A9C6-0C9F-426E-A487-44CCAAB9221E}.Debug|Any CPU.Build.0 = Debug|Any CPU
		{FB58A9C6-0C9F-426E-A487-44CCAAB9221E}.Release|Any CPU.ActiveCfg = Release|Any CPU
		{FB58A9C6-0C9F-426E-A487-44CCAAB9221E}.Release|Any CPU.Build.0 = Release|Any CPU
		{9C9BC939-B9EF-4C32-9170-96D4839711A5}.Debug|Any CPU.ActiveCfg = Debug|Any CPU
		{9C9BC939-B9EF-4C32-9170-96D4839711A5}.Debug|Any CPU.Build.0 = Debug|Any CPU
		{9C9BC939-B9EF-4C32-9170-96D4839711A5}.Release|Any CPU.ActiveCfg = Release|Any CPU
		{9C9BC939-B9EF-4C32-9170-96D4839711A5}.Release|Any CPU.Build.0 = Release|Any CPU
		{11991613-393B-4450-84C9-3241E9016FFC}.Debug|Any CPU.ActiveCfg = Debug|Any CPU
		{11991613-393B-4450-84C9-3241E9016FFC}.Debug|Any CPU.Build.0 = Debug|Any CPU
		{11991613-393B-4450-84C9-3241E9016FFC}.Release|Any CPU.ActiveCfg = Release|Any CPU
		{11991613-393B-4450-84C9-3241E9016FFC}.Release|Any CPU.Build.0 = Release|Any CPU
		{D45E5257-30E8-49A9-97D9-679020D44FC5}.Debug|Any CPU.ActiveCfg = Debug|Any CPU
		{D45E5257-30E8-49A9-97D9-679020D44FC5}.Debug|Any CPU.Build.0 = Debug|Any CPU
		{D45E5257-30E8-49A9-97D9-679020D44FC5}.Release|Any CPU.ActiveCfg = Release|Any CPU
		{D45E5257-30E8-49A9-97D9-679020D44FC5}.Release|Any CPU.Build.0 = Release|Any CPU
		{E1F687B7-9910-49DA-AA3E-CE5218ECE118}.Debug|Any CPU.ActiveCfg = Debug|Any CPU
		{E1F687B7-9910-49DA-AA3E-CE5218ECE118}.Debug|Any CPU.Build.0 = Debug|Any CPU
		{E1F687B7-9910-49DA-AA3E-CE5218ECE118}.Release|Any CPU.ActiveCfg = Release|Any CPU
		{E1F687B7-9910-49DA-AA3E-CE5218ECE118}.Release|Any CPU.Build.0 = Release|Any CPU
		{CF9AC618-8397-4F16-8068-1AD44E602A2A}.Debug|Any CPU.ActiveCfg = Debug|Any CPU
		{CF9AC618-8397-4F16-8068-1AD44E602A2A}.Debug|Any CPU.Build.0 = Debug|Any CPU
		{CF9AC618-8397-4F16-8068-1AD44E602A2A}.Release|Any CPU.ActiveCfg = Release|Any CPU
		{CF9AC618-8397-4F16-8068-1AD44E602A2A}.Release|Any CPU.Build.0 = Release|Any CPU
		{11D7A0CA-9574-46F6-9964-77C4F9633379}.Debug|Any CPU.ActiveCfg = Debug|Any CPU
		{11D7A0CA-9574-46F6-9964-77C4F9633379}.Debug|Any CPU.Build.0 = Debug|Any CPU
		{11D7A0CA-9574-46F6-9964-77C4F9633379}.Release|Any CPU.ActiveCfg = Release|Any CPU
		{11D7A0CA-9574-46F6-9964-77C4F9633379}.Release|Any CPU.Build.0 = Release|Any CPU
		{DFE4BA53-98B8-456D-AB02-09A318BE7988}.Debug|Any CPU.ActiveCfg = Debug|Any CPU
		{DFE4BA53-98B8-456D-AB02-09A318BE7988}.Debug|Any CPU.Build.0 = Debug|Any CPU
		{DFE4BA53-98B8-456D-AB02-09A318BE7988}.Release|Any CPU.ActiveCfg = Release|Any CPU
		{DFE4BA53-98B8-456D-AB02-09A318BE7988}.Release|Any CPU.Build.0 = Release|Any CPU
		{B15E0A46-8FFE-48A9-8E05-DBAB78A31281}.Debug|Any CPU.ActiveCfg = Debug|Any CPU
		{B15E0A46-8FFE-48A9-8E05-DBAB78A31281}.Debug|Any CPU.Build.0 = Debug|Any CPU
		{B15E0A46-8FFE-48A9-8E05-DBAB78A31281}.Release|Any CPU.ActiveCfg = Release|Any CPU
		{B15E0A46-8FFE-48A9-8E05-DBAB78A31281}.Release|Any CPU.Build.0 = Release|Any CPU
	EndGlobalSection
EndGlobal
